
Microsoft Visual Studio Solution File, Format Version 12.00
# Visual Studio Version 17
VisualStudioVersion = 17.8.34309.116
MinimumVisualStudioVersion = 10.0.40219.1
Project("{FAE04EC0-301F-11D3-BF4B-00C04F79EFBC}") = "E01_121220087", "E01_121220087.csproj", "{9E3DEB75-88A5-4FD2-B064-A7E70CD083E8}"
EndProject
Global
	GlobalSection(SolutionConfigurationPlatforms) = preSolution
		Debug|Any CPU = Debug|Any CPU
		Release|Any CPU = Release|Any CPU
	EndGlobalSection
	GlobalSection(ProjectConfigurationPlatforms) = postSolution
		{9E3DEB75-88A5-4FD2-B064-A7E70CD083E8}.Debug|Any CPU.ActiveCfg = Debug|Any CPU
		{9E3DEB75-88A5-4FD2-B064-A7E70CD083E8}.Debug|Any CPU.Build.0 = Debug|Any CPU
		{9E3DEB75-88A5-4FD2-B064-A7E70CD083E8}.Release|Any CPU.ActiveCfg = Release|Any CPU
		{9E3DEB75-88A5-4FD2-B064-A7E70CD083E8}.Release|Any CPU.Build.0 = Release|Any CPU
	EndGlobalSection
	GlobalSection(SolutionProperties) = preSolution
		HideSolutionNode = FALSE
	EndGlobalSection
	GlobalSection(ExtensibilityGlobals) = postSolution
		SolutionGuid = {61575599-2A68-42B9-A694-3180E1DD5CBF}
	EndGlobalSection
EndGlobal
