
Microsoft Visual Studio Solution File, Format Version 12.00
# Visual Studio Version 17
VisualStudioVersion = 17.8.34309.116
MinimumVisualStudioVersion = 10.0.40219.1
Project("{FAE04EC0-301F-11D3-BF4B-00C04F79EFBC}") = "E02", "E02.csproj", "{AD7FC50C-0422-4211-B8A1-1A573D0A8975}"
EndProject
Global
	GlobalSection(SolutionConfigurationPlatforms) = preSolution
		Debug|Any CPU = Debug|Any CPU
		Release|Any CPU = Release|Any CPU
	EndGlobalSection
	GlobalSection(ProjectConfigurationPlatforms) = postSolution
		{AD7FC50C-0422-4211-B8A1-1A573D0A8975}.Debug|Any CPU.ActiveCfg = Debug|Any CPU
		{AD7FC50C-0422-4211-B8A1-1A573D0A8975}.Debug|Any CPU.Build.0 = Debug|Any CPU
		{AD7FC50C-0422-4211-B8A1-1A573D0A8975}.Release|Any CPU.ActiveCfg = Release|Any CPU
		{AD7FC50C-0422-4211-B8A1-1A573D0A8975}.Release|Any CPU.Build.0 = Release|Any CPU
	EndGlobalSection
	GlobalSection(SolutionProperties) = preSolution
		HideSolutionNode = FALSE
	EndGlobalSection
	GlobalSection(ExtensibilityGlobals) = postSolution
		SolutionGuid = {FF4A0663-0349-4E6E-B65E-68345C157BAC}
	EndGlobalSection
EndGlobal
